{
  "version": "3",
  "remote": {
    "https://cdn.skypack.dev/-/debug@v4.3.4-o4liVvMlOnQWbLSYZMXw/dist=es2019,mode=imports/optimized/debug.js": "671100993996e39b501301a87000607916d4d2d9f8fc8e9c5200ae5ba64a1389",
    "https://cdn.skypack.dev/-/ms@v2.1.2-giBDZ1IA5lmQ3ZXaa87V/dist=es2019,mode=imports/optimized/ms.js": "fd88e2d51900437011f1ad232f3393ce97db1b87a7844b3c58dd6d65562c1276",
    "https://cdn.skypack.dev/debug@4.3.4": "7b1d010cc930f71b940ba5941da055bc181115229e29de7214bdb4425c68ea76",
    "https://deno.land/std@0.211.0/path/_common/assert_path.ts": "2ca275f36ac1788b2acb60fb2b79cb06027198bc2ba6fb7e163efaedde98c297",
    "https://deno.land/std@0.211.0/path/_common/basename.ts": "569744855bc8445f3a56087fd2aed56bdad39da971a8d92b138c9913aecc5fa2",
    "https://deno.land/std@0.211.0/path/_common/constants.ts": "dc5f8057159f4b48cd304eb3027e42f1148cf4df1fb4240774d3492b5d12ac0c",
    "https://deno.land/std@0.211.0/path/_common/strip_trailing_separators.ts": "7024a93447efcdcfeaa9339a98fa63ef9d53de363f1fbe9858970f1bba02655a",
    "https://deno.land/std@0.211.0/path/_os.ts": "8fb9b90fb6b753bd8c77cfd8a33c2ff6c5f5bc185f50de8ca4ac6a05710b2c15",
    "https://deno.land/std@0.211.0/path/basename.ts": "5d341aadb7ada266e2280561692c165771d071c98746fcb66da928870cd47668",
    "https://deno.land/std@0.211.0/path/posix/_util.ts": "1e3937da30f080bfc99fe45d7ed23c47dd8585c5e473b2d771380d3a6937cf9d",
    "https://deno.land/std@0.211.0/path/posix/basename.ts": "39ee27a29f1f35935d3603ccf01d53f3d6e0c5d4d0f84421e65bd1afeff42843",
    "https://deno.land/std@0.211.0/path/windows/_util.ts": "d5f47363e5293fced22c984550d5e70e98e266cc3f31769e1710511803d04808",
    "https://deno.land/std@0.211.0/path/windows/basename.ts": "e2dbf31d1d6385bfab1ce38c333aa290b6d7ae9e0ecb8234a654e583cf22f8fe",
    "https://deno.land/std@0.211.0/streams/_common.ts": "4f9f2958d853b9a456be033631dabb7519daa68ee4d02caf53e2ecbffaf5805f",
    "https://deno.land/std@0.211.0/streams/iterate_reader.ts": "353e516908ce637e8b2a2e1301fa60316825667d0d880d47ea4c427a9a7758cf",
    "https://deno.land/x/grammy@v1.20.3/bot.ts": "bbfc31f976a27a48992ebb21bcdc137f216eb28e32cc5de0041dcc8fca53d5b8",
    "https://deno.land/x/grammy@v1.20.3/composer.ts": "a86dcd6c83e91f720ceb85dab2b1c7b966fc18fc6440848b87b4897fcaa63fc8",
    "https://deno.land/x/grammy@v1.20.3/context.ts": "3e9b8e277f8b75bed20b46047ad93b027a182e9d3504f1f2d2bba0852d0bb77f",
    "https://deno.land/x/grammy@v1.20.3/convenience/constants.ts": "8d7e2fb9b0f5bd4c10585d8a7528dee573dea5096041b35bebadbb943318d1fc",
    "https://deno.land/x/grammy@v1.20.3/convenience/frameworks.ts": "77e2f9fc841ab92d4310b556126447a42f131ad976a6adfff454c016f339b28e",
    "https://deno.land/x/grammy@v1.20.3/convenience/inline_query.ts": "409d1940c7670708064efa495003bcbfdf6763a756b2e6303c464489fd3394ff",
    "https://deno.land/x/grammy@v1.20.3/convenience/input_media.ts": "7af72a5fdb1af0417e31b1327003f536ddfdf64e06ab8bc7f5da6b574de38658",
    "https://deno.land/x/grammy@v1.20.3/convenience/keyboard.ts": "88aeab16f2aaf0b4098135b5f7a678f7d2ce288f28c7eba93eaa5553a7395152",
    "https://deno.land/x/grammy@v1.20.3/convenience/session.ts": "f92d57b6b2b61920912cf5c44d4db2f6ca999fe4f9adef170c321889d49667c2",
    "https://deno.land/x/grammy@v1.20.3/convenience/webhook.ts": "f1da7d6426171fb7b5d5f6b59633f91d3bab9a474eea821f714932650965eb9e",
    "https://deno.land/x/grammy@v1.20.3/core/api.ts": "840c5d39ca953d5bdbf89e61836a8212b22110d142b1606127b9c1a5f7d0b96a",
    "https://deno.land/x/grammy@v1.20.3/core/client.ts": "df622a135e71229ffe722406850c9c08b90dcdd4d049b46926128599c73f9dc5",
    "https://deno.land/x/grammy@v1.20.3/core/error.ts": "4638b2127ebe60249c78b83011d468f5e1e1a87748d32fe11a8200d9f824ad13",
    "https://deno.land/x/grammy@v1.20.3/core/payload.ts": "420e17c3c2830b5576ea187cfce77578fe09f1204b25c25ea2f220ca7c86e73b",
    "https://deno.land/x/grammy@v1.20.3/filter.ts": "8bfd76005929c22c42c6fd70064467dd4e8cf6e83de3c8d9d0522930d433e45d",
    "https://deno.land/x/grammy@v1.20.3/mod.ts": "7723e08709ff7fd01df3e463503e14e4fd1a581669380eed70351e1121e8a833",
    "https://deno.land/x/grammy@v1.20.3/platform.deno.ts": "68272a7e1d9a2d74d8a45342526485dbc0531dee812f675d7f8a4e7fc8393028",
    "https://deno.land/x/grammy@v1.20.3/types.deno.ts": "d43290407cdd90eaa67393f8ab53139bfb9f692335a92cb6f1c607ddac706b26",
    "https://deno.land/x/grammy@v1.20.3/types.ts": "729415590dfa188dbe924dea614dff4e976babdbabb28a307b869fc25777cdf0",
    "https://deno.land/x/grammy@v1.21.2/bot.ts": "bbfc31f976a27a48992ebb21bcdc137f216eb28e32cc5de0041dcc8fca53d5b8",
    "https://deno.land/x/grammy@v1.21.2/composer.ts": "a86dcd6c83e91f720ceb85dab2b1c7b966fc18fc6440848b87b4897fcaa63fc8",
    "https://deno.land/x/grammy@v1.21.2/context.ts": "3e9b8e277f8b75bed20b46047ad93b027a182e9d3504f1f2d2bba0852d0bb77f",
    "https://deno.land/x/grammy@v1.21.2/convenience/constants.ts": "8d7e2fb9b0f5bd4c10585d8a7528dee573dea5096041b35bebadbb943318d1fc",
    "https://deno.land/x/grammy@v1.21.2/convenience/frameworks.ts": "0deb1d30c8d22672b7a96a6449f50963591a0b7a9e027768565c005b2778353d",
    "https://deno.land/x/grammy@v1.21.2/convenience/inline_query.ts": "409d1940c7670708064efa495003bcbfdf6763a756b2e6303c464489fd3394ff",
    "https://deno.land/x/grammy@v1.21.2/convenience/input_media.ts": "7af72a5fdb1af0417e31b1327003f536ddfdf64e06ab8bc7f5da6b574de38658",
    "https://deno.land/x/grammy@v1.21.2/convenience/keyboard.ts": "88aeab16f2aaf0b4098135b5f7a678f7d2ce288f28c7eba93eaa5553a7395152",
    "https://deno.land/x/grammy@v1.21.2/convenience/session.ts": "f92d57b6b2b61920912cf5c44d4db2f6ca999fe4f9adef170c321889d49667c2",
    "https://deno.land/x/grammy@v1.21.2/convenience/webhook.ts": "f1da7d6426171fb7b5d5f6b59633f91d3bab9a474eea821f714932650965eb9e",
    "https://deno.land/x/grammy@v1.21.2/core/api.ts": "840c5d39ca953d5bdbf89e61836a8212b22110d142b1606127b9c1a5f7d0b96a",
    "https://deno.land/x/grammy@v1.21.2/core/client.ts": "df622a135e71229ffe722406850c9c08b90dcdd4d049b46926128599c73f9dc5",
    "https://deno.land/x/grammy@v1.21.2/core/error.ts": "4638b2127ebe60249c78b83011d468f5e1e1a87748d32fe11a8200d9f824ad13",
    "https://deno.land/x/grammy@v1.21.2/core/payload.ts": "420e17c3c2830b5576ea187cfce77578fe09f1204b25c25ea2f220ca7c86e73b",
    "https://deno.land/x/grammy@v1.21.2/filter.ts": "31b9048d543f4e280a573d2e0b47f4ebbbaead753e4c836525026af5f6af9307",
    "https://deno.land/x/grammy@v1.21.2/mod.ts": "7723e08709ff7fd01df3e463503e14e4fd1a581669380eed70351e1121e8a833",
    "https://deno.land/x/grammy@v1.21.2/platform.deno.ts": "68272a7e1d9a2d74d8a45342526485dbc0531dee812f675d7f8a4e7fc8393028",
    "https://deno.land/x/grammy@v1.21.2/types.deno.ts": "9ef5b8524e5779b1cc6df72736b0663a103b0be549dc4d4c93df2528b27e1534",
    "https://deno.land/x/grammy@v1.21.2/types.ts": "729415590dfa188dbe924dea614dff4e976babdbabb28a307b869fc25777cdf0",
    "https://deno.land/x/grammy_types@v3.4.6/api.ts": "ae04d6628e3d25ae805bc07a19475065044fc44cde0a40877405bc3544d03a5f",
    "https://deno.land/x/grammy_types@v3.4.6/inline.ts": "594e1e487c94bde6f1d17f457b7b002786eb40b7b3b77ed32b830571e6285b7e",
    "https://deno.land/x/grammy_types@v3.4.6/manage.ts": "1d2b76d8735cdb56a2afe89097169ff4403b14016adb73e682fce61bc4c2efad",
    "https://deno.land/x/grammy_types@v3.4.6/markup.ts": "bef977ea4c2f17791d6f8a0a8f37f6f7f622967030da4f6b42e41c3a9d797113",
    "https://deno.land/x/grammy_types@v3.4.6/message.ts": "24de17e147a992eedebc8b28a553eeb1d62b0aecb93649fbde5f642bd5ad2b47",
    "https://deno.land/x/grammy_types@v3.4.6/methods.ts": "9c4d413f1a240e356b58c41a2c9417ccbd42b287d7cab9375c568d5d80ffcb2b",
    "https://deno.land/x/grammy_types@v3.4.6/mod.ts": "7b5f421b4fbb1761f7f0d68328eaddd515f3222ce3f3cdfbedd8d5a4781e91a7",
    "https://deno.land/x/grammy_types@v3.4.6/passport.ts": "e3fb63aec96510bcc317ef48fd25b435444b8f407502d7568c00fce15f2958fd",
    "https://deno.land/x/grammy_types@v3.4.6/payment.ts": "d23e9038c5b479b606e620dd84e3e67b6642ada110a962f2d5b5286e99ec7de5",
    "https://deno.land/x/grammy_types@v3.4.6/settings.ts": "5e989f5bd6c587d55673bd8052293869aa2f372e9223dd7f6e28632bfe021b6e",
    "https://deno.land/x/grammy_types@v3.4.6/update.ts": "597465794cbf6a6ab8a6e69c24645ed928e79af3d384dce63ae83716ba78ba3e",
    "https://deno.land/x/grammy_types@v3.5.2/api.ts": "ae04d6628e3d25ae805bc07a19475065044fc44cde0a40877405bc3544d03a5f",
    "https://deno.land/x/grammy_types@v3.5.2/inline.ts": "12b33002c4d7880b2e80aaee68ac344110360886efe48ab20d40e93b90849f04",
    "https://deno.land/x/grammy_types@v3.5.2/manage.ts": "3bc9717ba157d3b0e076ff256322f9bf7ea2da28eaf25ea1dbcdc84c9f780804",
    "https://deno.land/x/grammy_types@v3.5.2/markup.ts": "38f2de2c01531486d98ad17f7622af15d720ffaf5cf721af77ece49e403a09bb",
    "https://deno.land/x/grammy_types@v3.5.2/message.ts": "90b9a23fc90f056ad34f71ed194f2cba30a91f3fa7b3e699a577172a2eceeb2d",
    "https://deno.land/x/grammy_types@v3.5.2/methods.ts": "3429cc7f124337bb2cd2d16015272125f8e44d440d3480a87241905113fab701",
    "https://deno.land/x/grammy_types@v3.5.2/mod.ts": "7b5f421b4fbb1761f7f0d68328eaddd515f3222ce3f3cdfbedd8d5a4781e91a7",
    "https://deno.land/x/grammy_types@v3.5.2/passport.ts": "e3fb63aec96510bcc317ef48fd25b435444b8f407502d7568c00fce15f2958fd",
    "https://deno.land/x/grammy_types@v3.5.2/payment.ts": "d23e9038c5b479b606e620dd84e3e67b6642ada110a962f2d5b5286e99ec7de5",
    "https://deno.land/x/grammy_types@v3.5.2/settings.ts": "5e989f5bd6c587d55673bd8052293869aa2f372e9223dd7f6e28632bfe021b6e",
    "https://deno.land/x/grammy_types@v3.5.2/update.ts": "a9fe07b677235a0d29e371f7fdc57ebf46b248ce956a2d918ed844a3c0fbe5de",
    "https://deno.land/x/hono@v4.0.1/adapter/deno/serve-static.ts": "dc857afc2c2bac7668d2625e2d2970acd1affc46d5ffbe0db163412f5cee708f",
    "https://deno.land/x/hono@v4.0.1/adapter/deno/ssg.ts": "49d73dd0d351fc52a54bfc8094096aff957f5a955a3eb976844ed8d88903bc0f",
    "https://deno.land/x/hono@v4.0.1/client/client.ts": "9aa632e0df3bb1e10081a29577117c92b65f27252c56d2474ddba2113f584848",
    "https://deno.land/x/hono@v4.0.1/client/index.ts": "30def535310a37bede261f1b23d11a9758983b8e9d60a6c56309cee5f6746ab2",
    "https://deno.land/x/hono@v4.0.1/client/utils.ts": "053273c002963b549d38268a1b423ac8ca211a8028bdab1ed0b781a62aa5e661",
    "https://deno.land/x/hono@v4.0.1/compose.ts": "37d6e33b7db80e4c43a0629b12fd3a1e3406e7d9e62a4bfad4b30426ea7ae4f1",
    "https://deno.land/x/hono@v4.0.1/context.ts": "164a047af74eea44c4e2b8fb9eb7a27c82fc44fe6ea4bc864bf1d23f8f5e3598",
    "https://deno.land/x/hono@v4.0.1/helper.ts": "a8df0b65838177e7e0ab30fc496cde22c9b6aab237725797b1bdec332971470b",
    "https://deno.land/x/hono@v4.0.1/helper/accepts/accepts.ts": "46330f2ff384b266ab2227f7943366c09d752c9b58e2908e7b7726548e8954d3",
    "https://deno.land/x/hono@v4.0.1/helper/accepts/index.ts": "88a18cb5f7b15ec2bd515b6fbf5a2a8b5f77d1edbd6f7e1632afe5d755b2cf50",
    "https://deno.land/x/hono@v4.0.1/helper/adapter/index.ts": "5a4ca736487a2a8303bdac9fff710eae38e6f39ed70eb171eed78e5f64da84df",
    "https://deno.land/x/hono@v4.0.1/helper/cookie/index.ts": "9adc57af5723f16d52ec1162838ac3c77dc2c8b9e216762e7c68106c7468cc77",
    "https://deno.land/x/hono@v4.0.1/helper/css/common.ts": "596f3e777c11a73be52585c2140e80f8ad87f1ef3c483514480e11fb7394e986",
    "https://deno.land/x/hono@v4.0.1/helper/css/index.ts": "f91b6c473f033c420077554bcc8c11635194e3ee49c974c22bbacf2b3449b63c",
    "https://deno.land/x/hono@v4.0.1/helper/dev/index.ts": "d8754792bc44418b78ccffebbc81b15ccbe088690c23a923281138633a746e3d",
    "https://deno.land/x/hono@v4.0.1/helper/factory/index.ts": "824da698c95ba94062bc68955097a82623aca87a637f804ef3be6c0ba28cafd5",
    "https://deno.land/x/hono@v4.0.1/helper/html/index.ts": "b98a9a44a3d50526f82b450231888f1c0904291d535c18d26c0e93dce32004cc",
    "https://deno.land/x/hono@v4.0.1/helper/ssg/index.ts": "cc614f79c39bad7253e8cc8e325e1b19ea8525a95e476ce6b5ad2fda1c939d19",
    "https://deno.land/x/hono@v4.0.1/helper/ssg/utils.ts": "d2f9aede1e815a0414e2f3f300c0e5911018ce1946899f7315c3956dea04dfff",
    "https://deno.land/x/hono@v4.0.1/helper/streaming/index.ts": "e4955c04cb5fe4d65abec256ff3f598c87958a1cfd9eece1d6de1b56d16c7723",
    "https://deno.land/x/hono@v4.0.1/helper/streaming/sse.ts": "c6268c340f04fa677c7dadfd4beb96cd847048db4894c1204bb33fdbfc86e21f",
    "https://deno.land/x/hono@v4.0.1/helper/streaming/stream.ts": "bb8eee53fadf62fb9c4b4f3ffa2f23ee21bf2337121a6811a5fe18bbbcbe6564",
    "https://deno.land/x/hono@v4.0.1/helper/streaming/text.ts": "df8e941f8f1605b8ee74e7176fc013716203a6961c7b69dc304f5826dfb2383c",
    "https://deno.land/x/hono@v4.0.1/helper/testing/index.ts": "bc49c049aa0d6426417e3d1a2f52a471a09edb1fb8610b7545eae1968e7d7874",
    "https://deno.land/x/hono@v4.0.1/hono-base.ts": "d110b1f564958f95bbc2be2c7fea522938f948ccec63830d1197beec11cdc338",
    "https://deno.land/x/hono@v4.0.1/hono.ts": "23edd0140bf0bd5a68c14ae96e5856a5cec6b844277e853b91025e91ea74f416",
    "https://deno.land/x/hono@v4.0.1/http-exception.ts": "0dc357bbf1510f59cdfc35aad569df97e5652f7406f0693437fe140383d8d9c0",
    "https://deno.land/x/hono@v4.0.1/jsx/base.ts": "a744e48717677dfe665163ba95b71a7d0d96fbd569ea447aa0bc4195e1aa91fd",
    "https://deno.land/x/hono@v4.0.1/jsx/components.ts": "c4013a09b0de879cb4253457808017cdc6ae76961c0b7a4827b87e560538a895",
    "https://deno.land/x/hono@v4.0.1/jsx/constants.ts": "03dbf805f4d07e3b34ab05ac84f3c0cb4fbafb2096fba7789a5f6226ca6f21ad",
    "https://deno.land/x/hono@v4.0.1/jsx/context.ts": "2b7a86e6b35da171fab27aa05f09748bb3eba64b26c037ea1da655c07e8f6bc1",
    "https://deno.land/x/hono@v4.0.1/jsx/dom/components.ts": "733da654edb3d4c178a4479649fac2c64e79069e37e848add0c3a49f90e7f2d7",
    "https://deno.land/x/hono@v4.0.1/jsx/dom/context.ts": "39cd1108f0933934075fd88ef98139b0f29cce35b5d30d5fed2231daaa19c208",
    "https://deno.land/x/hono@v4.0.1/jsx/dom/css.ts": "476699080c11fa16230e3fd59b6faf551e5d771c2998b4bf03368b3bc1f5a0e0",
    "https://deno.land/x/hono@v4.0.1/jsx/dom/jsx-dev-runtime.ts": "266a61edb91f596f8581218c2afb253449fa700e069298b5a3e96ee064a57183",
    "https://deno.land/x/hono@v4.0.1/jsx/dom/jsx-runtime.ts": "6a50a65306771a9000030f494d92a5fdeeb055112e0126234b2fd9179de1d4f5",
    "https://deno.land/x/hono@v4.0.1/jsx/dom/render.ts": "fc9338a0f1472ffe0b2d4aad8caf539ed64e8e2e29960133262866656fc82813",
    "https://deno.land/x/hono@v4.0.1/jsx/hooks/index.ts": "aa5bf89ca6f27b000858da32098c3a107dd0a59ba0efce69b3256b21c34ae46f",
    "https://deno.land/x/hono@v4.0.1/jsx/index.ts": "7ff75df12923a67c2fc4c2d06afc6db66ae95f854f091f6aa614b3e13f7d6ba8",
    "https://deno.land/x/hono@v4.0.1/jsx/streaming.ts": "7f2255d54a69e98121dc02820be8832a880d224ce07f9d472f2a287d3906bb42",
    "https://deno.land/x/hono@v4.0.1/jsx/types.ts": "880971bd1e0704a6fba6b786ca596cbe23fc06e36c506f42ea17f84f9879f278",
    "https://deno.land/x/hono@v4.0.1/jsx/utils.ts": "7b9d84ce478c66a5f4709dc3a873ac7104ba3427597683221827abec2761da0e",
    "https://deno.land/x/hono@v4.0.1/middleware.ts": "782368901c77bf77410aa5bebbaba5ac9dfaae519a4d3d2753180a45e8b1c62f",
    "https://deno.land/x/hono@v4.0.1/middleware/basic-auth/index.ts": "cb9c6397f291612e2fa2f678e1cd85d427cf4395838d558a9fa2c99727f20fb0",
    "https://deno.land/x/hono@v4.0.1/middleware/bearer-auth/index.ts": "1bfe631db1661cd342a2220614af5e21455ebea11b8c3ed5f6df7ef8d02b9a54",
    "https://deno.land/x/hono@v4.0.1/middleware/cache/index.ts": "1294ca78a78d0ec279b8b8728837120458eeb429d774715777a412f190950312",
    "https://deno.land/x/hono@v4.0.1/middleware/compress/index.ts": "98c403a5fe7e9c5f5d776350b422b0a125fb34696851b8b14f825b9b7b06f2ac",
    "https://deno.land/x/hono@v4.0.1/middleware/cors/index.ts": "69e208e2bfd6345f14892e59ea817818373b3ebd74163177d687cd47ddbe1f6c",
    "https://deno.land/x/hono@v4.0.1/middleware/csrf/index.ts": "077bb0ce299d79d0d232cb9e462aaa4eaa901164f1310f74a7630f7e6cfe74e8",
    "https://deno.land/x/hono@v4.0.1/middleware/etag/index.ts": "3392aabea4d02dfec51455c5919bff9aad76538b9fde375dd542fbc3f389dd3a",
    "https://deno.land/x/hono@v4.0.1/middleware/jsx-renderer/index.ts": "07d5e2a15887c34b0b581a3c8babb428ec9dcff9a11877e4ab20ae7db8902ad6",
    "https://deno.land/x/hono@v4.0.1/middleware/jwt/index.ts": "6b34740ff079f92873ee586bb6bf495edd4095ba2b99828ddd850d2de079acd0",
    "https://deno.land/x/hono@v4.0.1/middleware/logger/index.ts": "4baf9217b61f5e9e937c3e4e6cd87508c83603fcee77c33edba0a6ae2cc41ccd",
    "https://deno.land/x/hono@v4.0.1/middleware/powered-by/index.ts": "6faba0cf042278d60b317b690640bb0b58747690cf280fa09024424c5174e66d",
    "https://deno.land/x/hono@v4.0.1/middleware/pretty-json/index.ts": "2216ce4c9910be009fecac63367c3626b46137d4cf7cb9a82913e501104b4a88",
    "https://deno.land/x/hono@v4.0.1/middleware/secure-headers/index.ts": "24cf3544002e882972842800bce223738b32c9c84bef7f74892e994819765f84",
    "https://deno.land/x/hono@v4.0.1/middleware/timing/index.ts": "241702aa10ab66cc832e8b556c57c236f3bf338a8817d802cb142eae0f852582",
    "https://deno.land/x/hono@v4.0.1/mod.ts": "90114a97be9111b348129ad0143e764a64921f60dd03b8f3da529db98a0d3a82",
    "https://deno.land/x/hono@v4.0.1/request.ts": "9c8061eaf4373aa122a77d1aa8e888397425bc5d78bc17c87a2c861375c4f0b3",
    "https://deno.land/x/hono@v4.0.1/router.ts": "880316f561918fc197481755aac2165fdbe2f530b925c5357a9f98d6e2cc85c7",
    "https://deno.land/x/hono@v4.0.1/router/linear-router/index.ts": "8a2a7144c50b1f4a92d9ee99c2c396716af144c868e10608255f969695efccd0",
    "https://deno.land/x/hono@v4.0.1/router/linear-router/router.ts": "2f897939fdc65e418e5e7c33a17fa55cd60bd60dec9f8c5251c77fc0c57b80ca",
    "https://deno.land/x/hono@v4.0.1/router/pattern-router/index.ts": "304a66c50e243872037ed41c7dd79ed0c89d815e17e172e7ad7cdc4bc07d3383",
    "https://deno.land/x/hono@v4.0.1/router/pattern-router/router.ts": "a9a5a2a182cce8c3ae82139892cc0502be7dd8f579f31e76d0302b19b338e548",
    "https://deno.land/x/hono@v4.0.1/router/reg-exp-router/index.ts": "52755829213941756159b7a963097bafde5cc4fc22b13b1c7c9184dc0512d1db",
    "https://deno.land/x/hono@v4.0.1/router/reg-exp-router/node.ts": "5b3fb80411db04c65df066e69fedb2c8c0844753c2633d703336de84d569252c",
    "https://deno.land/x/hono@v4.0.1/router/reg-exp-router/router.ts": "512c43528739b12aff7c1f45b94a5459505ca88a47140a7d6abe0180cfc1ad00",
    "https://deno.land/x/hono@v4.0.1/router/reg-exp-router/trie.ts": "852ce7207e6701e47fa30889a0d2b8bfcd56d8862c97e7bc9831e0a64bd8835f",
    "https://deno.land/x/hono@v4.0.1/router/smart-router/index.ts": "74f9b4fe15ea535900f2b9b048581915f12fe94e531dd2b0032f5610e61c3bef",
    "https://deno.land/x/hono@v4.0.1/router/smart-router/router.ts": "f1848a2a1eefa316a11853ae12e749552747771fb8a11fe713ae04ea6461140b",
    "https://deno.land/x/hono@v4.0.1/router/trie-router/index.ts": "3eb75e7f71ba81801631b30de6b1f5cefb2c7239c03797e2b2cbab5085911b41",
    "https://deno.land/x/hono@v4.0.1/router/trie-router/node.ts": "04d2eac912cc367b95545ce10d889134fc37be74ca729a7f0772970f37b29d11",
    "https://deno.land/x/hono@v4.0.1/router/trie-router/router.ts": "54ced78d35676302c8fcdda4204f7bdf5a7cc907fbf9967c75674b1e394f830d",
    "https://deno.land/x/hono@v4.0.1/utils/body.ts": "1c7013f83bbef8216b3d862111efd5a183eaa29e86decf9a7eec6cdf25757e93",
    "https://deno.land/x/hono@v4.0.1/utils/buffer.ts": "9066a973e64498cb262c7e932f47eed525a51677b17f90893862b7279dc0773e",
    "https://deno.land/x/hono@v4.0.1/utils/cookie.ts": "a8d61878bc6eb338d17758e2b5b47512ac1ced8d824fd4ff7b637b091cc7b28f",
    "https://deno.land/x/hono@v4.0.1/utils/crypto.ts": "bda0e141bbe46d3a4a20f8fbcb6380d473b617123d9fdfa93e4499410b537acc",
    "https://deno.land/x/hono@v4.0.1/utils/encode.ts": "311dfdfae7eb0b6345e9680f7ebbb3a692e872ed964e2029aca38567af8d1f33",
    "https://deno.land/x/hono@v4.0.1/utils/filepath.ts": "77b01ccb799dcd3ed60ac2e9726e0b786b47f33308533b5ff9b6430ba8e9299c",
    "https://deno.land/x/hono@v4.0.1/utils/html.ts": "6ea4f6bf41587a51607dff7a6d2865ef4d5001e4203b07e5c8a45b63a098e871",
    "https://deno.land/x/hono@v4.0.1/utils/jwt/index.ts": "5e4b82a42eb3603351dfce726cd781ca41cb57437395409d227131aec348d2d5",
    "https://deno.land/x/hono@v4.0.1/utils/jwt/jwt.ts": "02ff7bbf1298ffcc7a40266842f8eac44b6c136453e32d4441e24d0cbfba3a95",
    "https://deno.land/x/hono@v4.0.1/utils/jwt/types.ts": "1dd79fce49dcaf54511d9bca88f5ae508cef577225aa581c811b248dc9c7a121",
    "https://deno.land/x/hono@v4.0.1/utils/mime.ts": "1e5db0919d2127995ec466dfd1ee637c3d63084f516ccbd3c6906ccf0d3f3c46",
    "https://deno.land/x/hono@v4.0.1/utils/stream.ts": "fe5f539a79c476e6af39e2549fa06054ad3c7ff3cbfa2c4c752e879cdd3365d5",
    "https://deno.land/x/hono@v4.0.1/utils/url.ts": "d9d307a495e7dfc6e916fbcfa74c2d8d23e8e685bddc5e6ebc9c0f784345a01a",
    "https://deno.land/x/hono@v4.0.1/validator/index.ts": "6c986e8b91dcf857ecc8164a506ae8eea8665792a4ff7215471df669c632ae7c",
    "https://deno.land/x/hono@v4.0.1/validator/validator.ts": "1a7b524292662e5219fd61a9872c2586aa23a2328800211a8fdc268b089f75f1"
  }
}
